# THIS IS AN AUTOGENERATED FILE. DO NOT EDIT THIS FILE DIRECTLY.
# yarn lockfile v1


"@tanstack/query-core@4.24.10":
  version "4.24.10"
  resolved "https://registry.yarnpkg.com/@tanstack/query-core/-/query-core-4.24.10.tgz#758e1f5b2d7faf7316d299facd272a9f64c26299"
  integrity sha512-2QywqXEAGBIUoTdgn1lAB4/C8QEqwXHj2jrCLeYTk2xVGtLiPEUD8jcMoeB2noclbiW2mMt4+Fq7fZStuz3wAQ==

"@tanstack/react-query@4.24.10":
  version "4.24.10"
  resolved "https://registry.yarnpkg.com/@tanstack/react-query/-/react-query-4.24.10.tgz#2e1004bb1d1f55198961a21e875e2c65ec865130"
  integrity sha512-FY1DixytOcNNCydPQXLxuKEV7VSST32CAuJ55BjhDNqASnMLZn+6c30yQBMrODjmWMNwzfjMZnq0Vw7C62Fwow==
  dependencies:
    "@tanstack/query-core" "4.24.10"
    use-sync-external-store "^1.2.0"

goober@^2.1.10:
  version "2.1.12"
  resolved "https://registry.yarnpkg.com/goober/-/goober-2.1.12.tgz#6c1645314ac9a68fe76408e1f502c63df8a39042"
  integrity sha512-yXHAvO08FU1JgTXX6Zn6sYCUFfB/OJSX8HHjDSgerZHZmFKAb08cykp5LBw5QnmyMcZyPRMqkdyHUSSzge788Q==

"js-tokens@^3.0.0 || ^4.0.0":
  version "4.0.0"
  resolved "https://registry.yarnpkg.com/js-tokens/-/js-tokens-4.0.0.tgz#19203fb59991df98e3a287050d4647cdeaf32499"
  integrity sha512-RdJUflcE3cUzKiMqQgsCu06FPu9UdIJO0beYbPhHN4k6apgJtifcoCtT9bcxOpYBtpD2kCM6Sbzg4CausW/PKQ==

loose-envify@^1.1.0:
  version "1.4.0"
  resolved "https://registry.yarnpkg.com/loose-envify/-/loose-envify-1.4.0.tgz#71ee51fa7be4caec1a63839f7e682d8132d30caf"
  integrity sha512-lyuxPGr/Wfhrlem2CL/UcnUc1zcqKAImBDzukY7Y5F/yQiNdko6+fRLevlw1HgMySw7f611UIY408EtxRSoK3Q==
  dependencies:
    js-tokens "^3.0.0 || ^4.0.0"

react-dom@18.2.0:
  version "18.2.0"
  resolved "https://registry.yarnpkg.com/react-dom/-/react-dom-18.2.0.tgz#22aaf38708db2674ed9ada224ca4aa708d821e3d"
  integrity sha512-6IMTriUmvsjHUjNtEDudZfuDQUoWXVxKHhlEGSk81n4YFS+r/Kl99wXiwlVXtPBtJenozv2P+hxDsw9eA7Xo6g==
  dependencies:
    loose-envify "^1.1.0"
    scheduler "^0.23.0"

react-hot-toast@2.4.0:
  version "2.4.0"
  resolved "https://registry.yarnpkg.com/react-hot-toast/-/react-hot-toast-2.4.0.tgz#b91e7a4c1b6e3068fc599d3d83b4fb48668ae51d"
  integrity sha512-qnnVbXropKuwUpriVVosgo8QrB+IaPJCpL8oBI6Ov84uvHZ5QQcTp2qg6ku2wNfgJl6rlQXJIQU5q+5lmPOutA==
  dependencies:
    goober "^2.1.10"

react@18.2.0:
  version "18.2.0"
  resolved "https://registry.yarnpkg.com/react/-/react-18.2.0.tgz#555bd98592883255fa00de14f1151a917b5d77d5"
  integrity sha512-/3IjMdb2L9QbBdWiW5e3P2/npwMBaU9mHCSCUzNln0ZCYbcfTsGbTJrU/kGemdH2IWmB2ioZ+zkxtmq6g09fGQ==
  dependencies:
    loose-envify "^1.1.0"

scheduler@^0.23.0:
  version "0.23.0"
  resolved "https://registry.yarnpkg.com/scheduler/-/scheduler-0.23.0.tgz#ba8041afc3d30eb206a487b6b384002e4e61fdfe"
  integrity sha512-CtuThmgHNg7zIZWAXi3AsyIzA3n4xx7aNyjwC2VJldO2LMVDhFK+63xGqq6CsJH4rTAt6/M+N4GhZiDYPx9eUw==
  dependencies:
    loose-envify "^1.1.0"

use-sync-external-store@^1.2.0:
  version "1.2.0"
  resolved "https://registry.yarnpkg.com/use-sync-external-store/-/use-sync-external-store-1.2.0.tgz#7dbefd6ef3fe4e767a0cf5d7287aacfb5846928a"
  integrity sha512-eEgnFxGQ1Ife9bzYs6VLi8/4X6CObHMw9Qr9tPY43iKwsPw8xE8+EFsf/2cFZ5S3esXgpWgtSCtLNS41F+sKPA==
